
Microsoft Visual Studio Solution File, Format Version 11.00
# Visual C++ Express 2010
Project("{8BC9CEB8-8B4A-11D0-8D11-00A0C91BC942}") = "MapOps", "IDAsm.vcxproj", "{EBA922EF-8847-625D-BC7D-31C08356F473}"
EndProject
Global
	GlobalSection(SolutionConfigurationPlatforms) = preSolution
		Debug|Win32 = Debug|Win32
		Release|Win32 = Release|Win32
	EndGlobalSection
	GlobalSection(ProjectConfigurationPlatforms) = postSolution
		{EBA922EF-8847-625D-BC7D-31C08356F473}.Debug|Win32.ActiveCfg = Debug|Win32
		{EBA922EF-8847-625D-BC7D-31C08356F473}.Debug|Win32.Build.0 = Debug|Win32
		{EBA922EF-8847-625D-BC7D-31C08356F473}.Release|Win32.ActiveCfg = Release|Win32
		{EBA922EF-8847-625D-BC7D-31C08356F473}.Release|Win32.Build.0 = Release|Win32
	EndGlobalSection
	GlobalSection(SolutionProperties) = preSolution
		HideSolutionNode = FALSE
	EndGlobalSection
EndGlobal
